
Microsoft Visual Studio Solution File, Format Version 12.00
# Visual Studio Version 16
VisualStudioVersion = 25.0.1703.0
MinimumVisualStudioVersion = 10.0.40219.1
Project("{FAE04EC0-301F-11D3-BF4B-00C04F79EFBC}") = "ImplementingList", "ImplementingList\ImplementingList.csproj", "{D2CEC32F-A28D-49BB-BA4B-0AA5740165EF}"
EndProject
Global
	GlobalSection(SolutionConfigurationPlatforms) = preSolution
		Debug|Any CPU = Debug|Any CPU
		Release|Any CPU = Release|Any CPU
	EndGlobalSection
	GlobalSection(ProjectConfigurationPlatforms) = postSolution
		{D2CEC32F-A28D-49BB-BA4B-0AA5740165EF}.Debug|Any CPU.ActiveCfg = Debug|Any CPU
		{D2CEC32F-A28D-49BB-BA4B-0AA5740165EF}.Debug|Any CPU.Build.0 = Debug|Any CPU
		{D2CEC32F-A28D-49BB-BA4B-0AA5740165EF}.Release|Any CPU.ActiveCfg = Release|Any CPU
		{D2CEC32F-A28D-49BB-BA4B-0AA5740165EF}.Release|Any CPU.Build.0 = Release|Any CPU
	EndGlobalSection
	GlobalSection(SolutionProperties) = preSolution
		HideSolutionNode = FALSE
	EndGlobalSection
	GlobalSection(ExtensibilityGlobals) = postSolution
		SolutionGuid = {77C00537-B715-4715-A46F-00C3E976B677}
	EndGlobalSection
EndGlobal
