
Microsoft Visual Studio Solution File, Format Version 12.00
# Visual Studio Version 16
VisualStudioVersion = 25.0.1700.0
MinimumVisualStudioVersion = 10.0.40219.1
Project("{FAE04EC0-301F-11D3-BF4B-00C04F79EFBC}") = "1.ReverseAString", "1.ReverseAString\1.ReverseAString.csproj", "{635C99B1-FC72-4DF8-A3C8-BBAD7C045068}"
EndProject
Project("{FAE04EC0-301F-11D3-BF4B-00C04F79EFBC}") = "2.StackSum", "2.StackSum\2.StackSum.csproj", "{2D91CEDE-2BAF-4C93-8D3C-A6F465607617}"
EndProject
Project("{FAE04EC0-301F-11D3-BF4B-00C04F79EFBC}") = "3.SimpleCalculator", "3.SimpleCalculator\3.SimpleCalculator.csproj", "{D1816474-5A79-4A9F-BC53-D7AA0426A1D0}"
EndProject
Project("{FAE04EC0-301F-11D3-BF4B-00C04F79EFBC}") = "4.MatchingBrackets", "4.MatchingBrackets\4.MatchingBrackets.csproj", "{15B8CD62-B149-4FDC-AC58-BD898B270AF3}"
EndProject
Project("{FAE04EC0-301F-11D3-BF4B-00C04F79EFBC}") = "5.PrintEvenNumbers", "5.PrintEvenNumbers\5.PrintEvenNumbers.csproj", "{7F05652F-C85D-4515-8378-31453FA4A34B}"
EndProject
Project("{FAE04EC0-301F-11D3-BF4B-00C04F79EFBC}") = "6.Supermarket", "6.Supermarket\6.Supermarket.csproj", "{1428BDD3-5DD6-41AC-98DC-1E8B0B437ADF}"
EndProject
Project("{FAE04EC0-301F-11D3-BF4B-00C04F79EFBC}") = "7.HotPatato", "7.HotPatato\7.HotPatato.csproj", "{0E9F1E38-477C-4B9D-AB8E-0DA7101E4546}"
EndProject
Project("{FAE04EC0-301F-11D3-BF4B-00C04F79EFBC}") = "8.TrafficJam", "8.TrafficJam\8.TrafficJam.csproj", "{7E85FC7A-8EF9-4ABF-BCB2-FF9573F08872}"
EndProject
Global
	GlobalSection(SolutionConfigurationPlatforms) = preSolution
		Debug|Any CPU = Debug|Any CPU
		Release|Any CPU = Release|Any CPU
	EndGlobalSection
	GlobalSection(ProjectConfigurationPlatforms) = postSolution
		{635C99B1-FC72-4DF8-A3C8-BBAD7C045068}.Debug|Any CPU.ActiveCfg = Debug|Any CPU
		{635C99B1-FC72-4DF8-A3C8-BBAD7C045068}.Debug|Any CPU.Build.0 = Debug|Any CPU
		{635C99B1-FC72-4DF8-A3C8-BBAD7C045068}.Release|Any CPU.ActiveCfg = Release|Any CPU
		{635C99B1-FC72-4DF8-A3C8-BBAD7C045068}.Release|Any CPU.Build.0 = Release|Any CPU
		{2D91CEDE-2BAF-4C93-8D3C-A6F465607617}.Debug|Any CPU.ActiveCfg = Debug|Any CPU
		{2D91CEDE-2BAF-4C93-8D3C-A6F465607617}.Debug|Any CPU.Build.0 = Debug|Any CPU
		{2D91CEDE-2BAF-4C93-8D3C-A6F465607617}.Release|Any CPU.ActiveCfg = Release|Any CPU
		{2D91CEDE-2BAF-4C93-8D3C-A6F465607617}.Release|Any CPU.Build.0 = Release|Any CPU
		{D1816474-5A79-4A9F-BC53-D7AA0426A1D0}.Debug|Any CPU.ActiveCfg = Debug|Any CPU
		{D1816474-5A79-4A9F-BC53-D7AA0426A1D0}.Debug|Any CPU.Build.0 = Debug|Any CPU
		{D1816474-5A79-4A9F-BC53-D7AA0426A1D0}.Release|Any CPU.ActiveCfg = Release|Any CPU
		{D1816474-5A79-4A9F-BC53-D7AA0426A1D0}.Release|Any CPU.Build.0 = Release|Any CPU
		{15B8CD62-B149-4FDC-AC58-BD898B270AF3}.Debug|Any CPU.ActiveCfg = Debug|Any CPU
		{15B8CD62-B149-4FDC-AC58-BD898B270AF3}.Debug|Any CPU.Build.0 = Debug|Any CPU
		{15B8CD62-B149-4FDC-AC58-BD898B270AF3}.Release|Any CPU.ActiveCfg = Release|Any CPU
		{15B8CD62-B149-4FDC-AC58-BD898B270AF3}.Release|Any CPU.Build.0 = Release|Any CPU
		{7F05652F-C85D-4515-8378-31453FA4A34B}.Debug|Any CPU.ActiveCfg = Debug|Any CPU
		{7F05652F-C85D-4515-8378-31453FA4A34B}.Debug|Any CPU.Build.0 = Debug|Any CPU
		{7F05652F-C85D-4515-8378-31453FA4A34B}.Release|Any CPU.ActiveCfg = Release|Any CPU
		{7F05652F-C85D-4515-8378-31453FA4A34B}.Release|Any CPU.Build.0 = Release|Any CPU
		{1428BDD3-5DD6-41AC-98DC-1E8B0B437ADF}.Debug|Any CPU.ActiveCfg = Debug|Any CPU
		{1428BDD3-5DD6-41AC-98DC-1E8B0B437ADF}.Debug|Any CPU.Build.0 = Debug|Any CPU
		{1428BDD3-5DD6-41AC-98DC-1E8B0B437ADF}.Release|Any CPU.ActiveCfg = Release|Any CPU
		{1428BDD3-5DD6-41AC-98DC-1E8B0B437ADF}.Release|Any CPU.Build.0 = Release|Any CPU
		{0E9F1E38-477C-4B9D-AB8E-0DA7101E4546}.Debug|Any CPU.ActiveCfg = Debug|Any CPU
		{0E9F1E38-477C-4B9D-AB8E-0DA7101E4546}.Debug|Any CPU.Build.0 = Debug|Any CPU
		{0E9F1E38-477C-4B9D-AB8E-0DA7101E4546}.Release|Any CPU.ActiveCfg = Release|Any CPU
		{0E9F1E38-477C-4B9D-AB8E-0DA7101E4546}.Release|Any CPU.Build.0 = Release|Any CPU
		{7E85FC7A-8EF9-4ABF-BCB2-FF9573F08872}.Debug|Any CPU.ActiveCfg = Debug|Any CPU
		{7E85FC7A-8EF9-4ABF-BCB2-FF9573F08872}.Debug|Any CPU.Build.0 = Debug|Any CPU
		{7E85FC7A-8EF9-4ABF-BCB2-FF9573F08872}.Release|Any CPU.ActiveCfg = Release|Any CPU
		{7E85FC7A-8EF9-4ABF-BCB2-FF9573F08872}.Release|Any CPU.Build.0 = Release|Any CPU
	EndGlobalSection
	GlobalSection(SolutionProperties) = preSolution
		HideSolutionNode = FALSE
	EndGlobalSection
	GlobalSection(ExtensibilityGlobals) = postSolution
		SolutionGuid = {723A0B02-85B7-4EB0-B73C-03AE11B26967}
	EndGlobalSection
EndGlobal
