
Microsoft Visual Studio Solution File, Format Version 12.00
# Visual Studio Version 16
VisualStudioVersion = 25.0.1703.0
MinimumVisualStudioVersion = 10.0.40219.1
Project("{FAE04EC0-301F-11D3-BF4B-00C04F79EFBC}") = "1.Define-a-Class-Person", "1.DefineAClassPerson\1.Define-a-Class-Person.csproj", "{232FDEAB-66E5-4416-A487-D15579EE742E}"
EndProject
Project("{FAE04EC0-301F-11D3-BF4B-00C04F79EFBC}") = "2.Creating-Constructors", "2.Creating-Constructors\2.Creating-Constructors.csproj", "{43DE0794-26C7-4F4A-BA73-D2C604388B2D}"
EndProject
Project("{FAE04EC0-301F-11D3-BF4B-00C04F79EFBC}") = "3.Oldest-Family-Member", "3.Oldest-Family-Member\3.Oldest-Family-Member.csproj", "{FD32914E-5CE0-470E-9A2A-05315317E048}"
EndProject
Project("{FAE04EC0-301F-11D3-BF4B-00C04F79EFBC}") = "4.Opinion-Poll", "4.Opinion-Poll\4.Opinion-Poll.csproj", "{94CD394F-2C60-40E0-8F03-2D7F0102AB93}"
EndProject
Project("{FAE04EC0-301F-11D3-BF4B-00C04F79EFBC}") = "6.Speed-Racing", "6.Speed-Racing\6.Speed-Racing.csproj", "{C36D10C2-885B-4EFD-B7E6-F01E758C8B1E}"
EndProject
Project("{FAE04EC0-301F-11D3-BF4B-00C04F79EFBC}") = "7.Raw-Data", "7.Raw-Data\7.Raw-Data.csproj", "{BE44321C-3EA3-4D87-A1F2-5CE5C6875483}"
EndProject
Project("{FAE04EC0-301F-11D3-BF4B-00C04F79EFBC}") = "8.Car-Salesman", "8.Car-Salesman\8.Car-Salesman.csproj", "{545D5E8D-E90C-45DA-A4BC-A58A983D0227}"
EndProject
Global
	GlobalSection(SolutionConfigurationPlatforms) = preSolution
		Debug|Any CPU = Debug|Any CPU
		Release|Any CPU = Release|Any CPU
	EndGlobalSection
	GlobalSection(ProjectConfigurationPlatforms) = postSolution
		{232FDEAB-66E5-4416-A487-D15579EE742E}.Debug|Any CPU.ActiveCfg = Debug|Any CPU
		{232FDEAB-66E5-4416-A487-D15579EE742E}.Debug|Any CPU.Build.0 = Debug|Any CPU
		{232FDEAB-66E5-4416-A487-D15579EE742E}.Release|Any CPU.ActiveCfg = Release|Any CPU
		{232FDEAB-66E5-4416-A487-D15579EE742E}.Release|Any CPU.Build.0 = Release|Any CPU
		{43DE0794-26C7-4F4A-BA73-D2C604388B2D}.Debug|Any CPU.ActiveCfg = Debug|Any CPU
		{43DE0794-26C7-4F4A-BA73-D2C604388B2D}.Debug|Any CPU.Build.0 = Debug|Any CPU
		{43DE0794-26C7-4F4A-BA73-D2C604388B2D}.Release|Any CPU.ActiveCfg = Release|Any CPU
		{43DE0794-26C7-4F4A-BA73-D2C604388B2D}.Release|Any CPU.Build.0 = Release|Any CPU
		{FD32914E-5CE0-470E-9A2A-05315317E048}.Debug|Any CPU.ActiveCfg = Debug|Any CPU
		{FD32914E-5CE0-470E-9A2A-05315317E048}.Debug|Any CPU.Build.0 = Debug|Any CPU
		{FD32914E-5CE0-470E-9A2A-05315317E048}.Release|Any CPU.ActiveCfg = Release|Any CPU
		{FD32914E-5CE0-470E-9A2A-05315317E048}.Release|Any CPU.Build.0 = Release|Any CPU
		{94CD394F-2C60-40E0-8F03-2D7F0102AB93}.Debug|Any CPU.ActiveCfg = Debug|Any CPU
		{94CD394F-2C60-40E0-8F03-2D7F0102AB93}.Debug|Any CPU.Build.0 = Debug|Any CPU
		{94CD394F-2C60-40E0-8F03-2D7F0102AB93}.Release|Any CPU.ActiveCfg = Release|Any CPU
		{94CD394F-2C60-40E0-8F03-2D7F0102AB93}.Release|Any CPU.Build.0 = Release|Any CPU
		{C36D10C2-885B-4EFD-B7E6-F01E758C8B1E}.Debug|Any CPU.ActiveCfg = Debug|Any CPU
		{C36D10C2-885B-4EFD-B7E6-F01E758C8B1E}.Debug|Any CPU.Build.0 = Debug|Any CPU
		{C36D10C2-885B-4EFD-B7E6-F01E758C8B1E}.Release|Any CPU.ActiveCfg = Release|Any CPU
		{C36D10C2-885B-4EFD-B7E6-F01E758C8B1E}.Release|Any CPU.Build.0 = Release|Any CPU
		{BE44321C-3EA3-4D87-A1F2-5CE5C6875483}.Debug|Any CPU.ActiveCfg = Debug|Any CPU
		{BE44321C-3EA3-4D87-A1F2-5CE5C6875483}.Debug|Any CPU.Build.0 = Debug|Any CPU
		{BE44321C-3EA3-4D87-A1F2-5CE5C6875483}.Release|Any CPU.ActiveCfg = Release|Any CPU
		{BE44321C-3EA3-4D87-A1F2-5CE5C6875483}.Release|Any CPU.Build.0 = Release|Any CPU
		{545D5E8D-E90C-45DA-A4BC-A58A983D0227}.Debug|Any CPU.ActiveCfg = Debug|Any CPU
		{545D5E8D-E90C-45DA-A4BC-A58A983D0227}.Debug|Any CPU.Build.0 = Debug|Any CPU
		{545D5E8D-E90C-45DA-A4BC-A58A983D0227}.Release|Any CPU.ActiveCfg = Release|Any CPU
		{545D5E8D-E90C-45DA-A4BC-A58A983D0227}.Release|Any CPU.Build.0 = Release|Any CPU
	EndGlobalSection
	GlobalSection(SolutionProperties) = preSolution
		HideSolutionNode = FALSE
	EndGlobalSection
	GlobalSection(ExtensibilityGlobals) = postSolution
		SolutionGuid = {B5083DCB-8F63-4C86-9A6E-56A641E2E655}
	EndGlobalSection
EndGlobal
