
Microsoft Visual Studio Solution File, Format Version 12.00
# Visual Studio Version 16
VisualStudioVersion = 25.0.1703.0
MinimumVisualStudioVersion = 10.0.40219.1
Project("{FAE04EC0-301F-11D3-BF4B-00C04F79EFBC}") = "1.RecursiveArraySum", "1.RecursiveArraySum\1.RecursiveArraySum.csproj", "{2DF6D57B-88DE-47D4-B879-B817A6CF4F12}"
EndProject
Project("{FAE04EC0-301F-11D3-BF4B-00C04F79EFBC}") = "2.RecursiveFactorial", "2.RecursiveFactorial\2.RecursiveFactorial.csproj", "{EF347EAD-6D24-4369-B64F-EEC3E8FA0746}"
EndProject
Project("{FAE04EC0-301F-11D3-BF4B-00C04F79EFBC}") = "3.SumOfCoins", "3.SumOfCoins\3.SumOfCoins.csproj", "{1D9C5897-2634-497D-B6BD-884535152EEA}"
EndProject
Project("{FAE04EC0-301F-11D3-BF4B-00C04F79EFBC}") = "4.SetCover", "4.SetCover\4.SetCover.csproj", "{8AA65B1C-63DF-42F5-8751-2F55F640D9C1}"
EndProject
Project("{FAE04EC0-301F-11D3-BF4B-00C04F79EFBC}") = "4.MergeSort", "4.MergeSort\4.MergeSort.csproj", "{A3A5AD1B-F353-433A-B374-CA5C1DA51DA2}"
EndProject
Global
	GlobalSection(SolutionConfigurationPlatforms) = preSolution
		Debug|Any CPU = Debug|Any CPU
		Release|Any CPU = Release|Any CPU
	EndGlobalSection
	GlobalSection(ProjectConfigurationPlatforms) = postSolution
		{2DF6D57B-88DE-47D4-B879-B817A6CF4F12}.Debug|Any CPU.ActiveCfg = Debug|Any CPU
		{2DF6D57B-88DE-47D4-B879-B817A6CF4F12}.Debug|Any CPU.Build.0 = Debug|Any CPU
		{2DF6D57B-88DE-47D4-B879-B817A6CF4F12}.Release|Any CPU.ActiveCfg = Release|Any CPU
		{2DF6D57B-88DE-47D4-B879-B817A6CF4F12}.Release|Any CPU.Build.0 = Release|Any CPU
		{EF347EAD-6D24-4369-B64F-EEC3E8FA0746}.Debug|Any CPU.ActiveCfg = Debug|Any CPU
		{EF347EAD-6D24-4369-B64F-EEC3E8FA0746}.Debug|Any CPU.Build.0 = Debug|Any CPU
		{EF347EAD-6D24-4369-B64F-EEC3E8FA0746}.Release|Any CPU.ActiveCfg = Release|Any CPU
		{EF347EAD-6D24-4369-B64F-EEC3E8FA0746}.Release|Any CPU.Build.0 = Release|Any CPU
		{0624A1CD-432C-4040-A188-23A65120E74B}.Debug|Any CPU.ActiveCfg = Debug|Any CPU
		{0624A1CD-432C-4040-A188-23A65120E74B}.Debug|Any CPU.Build.0 = Debug|Any CPU
		{0624A1CD-432C-4040-A188-23A65120E74B}.Release|Any CPU.ActiveCfg = Release|Any CPU
		{0624A1CD-432C-4040-A188-23A65120E74B}.Release|Any CPU.Build.0 = Release|Any CPU
		{1D9C5897-2634-497D-B6BD-884535152EEA}.Debug|Any CPU.ActiveCfg = Debug|Any CPU
		{1D9C5897-2634-497D-B6BD-884535152EEA}.Debug|Any CPU.Build.0 = Debug|Any CPU
		{1D9C5897-2634-497D-B6BD-884535152EEA}.Release|Any CPU.ActiveCfg = Release|Any CPU
		{1D9C5897-2634-497D-B6BD-884535152EEA}.Release|Any CPU.Build.0 = Release|Any CPU
		{8AA65B1C-63DF-42F5-8751-2F55F640D9C1}.Debug|Any CPU.ActiveCfg = Debug|Any CPU
		{8AA65B1C-63DF-42F5-8751-2F55F640D9C1}.Debug|Any CPU.Build.0 = Debug|Any CPU
		{8AA65B1C-63DF-42F5-8751-2F55F640D9C1}.Release|Any CPU.ActiveCfg = Release|Any CPU
		{8AA65B1C-63DF-42F5-8751-2F55F640D9C1}.Release|Any CPU.Build.0 = Release|Any CPU
		{A3A5AD1B-F353-433A-B374-CA5C1DA51DA2}.Debug|Any CPU.ActiveCfg = Debug|Any CPU
		{A3A5AD1B-F353-433A-B374-CA5C1DA51DA2}.Debug|Any CPU.Build.0 = Debug|Any CPU
		{A3A5AD1B-F353-433A-B374-CA5C1DA51DA2}.Release|Any CPU.ActiveCfg = Release|Any CPU
		{A3A5AD1B-F353-433A-B374-CA5C1DA51DA2}.Release|Any CPU.Build.0 = Release|Any CPU
	EndGlobalSection
	GlobalSection(SolutionProperties) = preSolution
		HideSolutionNode = FALSE
	EndGlobalSection
	GlobalSection(ExtensibilityGlobals) = postSolution
		SolutionGuid = {9419494A-90F4-443F-A81E-5A5C7E4DCFA8}
	EndGlobalSection
EndGlobal
