
Microsoft Visual Studio Solution File, Format Version 12.00
# Visual Studio Version 16
VisualStudioVersion = 25.0.1703.0
MinimumVisualStudioVersion = 10.0.40219.1
Project("{FAE04EC0-301F-11D3-BF4B-00C04F79EFBC}") = "1.Unique_Usernames", "1.Unique_Usernames\1.Unique_Usernames.csproj", "{422A4C7C-63A5-4D7C-BBBF-B26E4316A88B}"
EndProject
Project("{FAE04EC0-301F-11D3-BF4B-00C04F79EFBC}") = "2.Sets_of_Elements", "2.Sets_of_Elements\2.Sets_of_Elements.csproj", "{9D0B27C7-B4D8-48AE-B4C3-0D9420C89CD5}"
EndProject
Project("{FAE04EC0-301F-11D3-BF4B-00C04F79EFBC}") = "3.Periodic_Table", "3.Periodic_Table\3.Periodic_Table.csproj", "{184EAAA9-C99C-4241-98E8-36CFFD79185F}"
EndProject
Project("{FAE04EC0-301F-11D3-BF4B-00C04F79EFBC}") = "4.Even_Times", "4.Even_Times\4.Even_Times.csproj", "{E2CB995B-B272-4EA0-B675-EDF7478ED995}"
EndProject
Project("{FAE04EC0-301F-11D3-BF4B-00C04F79EFBC}") = "5.Count_Symbols", "5.Count_Symbols\5.Count_Symbols.csproj", "{3B160366-F99D-488E-B634-855A2AB9BD48}"
EndProject
Project("{FAE04EC0-301F-11D3-BF4B-00C04F79EFBC}") = "6.Wardrobe", "6.Wardrobe\6.Wardrobe.csproj", "{92B747FF-A3B2-498B-9EFA-2E27C903511E}"
EndProject
Global
	GlobalSection(SolutionConfigurationPlatforms) = preSolution
		Debug|Any CPU = Debug|Any CPU
		Release|Any CPU = Release|Any CPU
	EndGlobalSection
	GlobalSection(ProjectConfigurationPlatforms) = postSolution
		{422A4C7C-63A5-4D7C-BBBF-B26E4316A88B}.Debug|Any CPU.ActiveCfg = Debug|Any CPU
		{422A4C7C-63A5-4D7C-BBBF-B26E4316A88B}.Debug|Any CPU.Build.0 = Debug|Any CPU
		{422A4C7C-63A5-4D7C-BBBF-B26E4316A88B}.Release|Any CPU.ActiveCfg = Release|Any CPU
		{422A4C7C-63A5-4D7C-BBBF-B26E4316A88B}.Release|Any CPU.Build.0 = Release|Any CPU
		{9D0B27C7-B4D8-48AE-B4C3-0D9420C89CD5}.Debug|Any CPU.ActiveCfg = Debug|Any CPU
		{9D0B27C7-B4D8-48AE-B4C3-0D9420C89CD5}.Debug|Any CPU.Build.0 = Debug|Any CPU
		{9D0B27C7-B4D8-48AE-B4C3-0D9420C89CD5}.Release|Any CPU.ActiveCfg = Release|Any CPU
		{9D0B27C7-B4D8-48AE-B4C3-0D9420C89CD5}.Release|Any CPU.Build.0 = Release|Any CPU
		{184EAAA9-C99C-4241-98E8-36CFFD79185F}.Debug|Any CPU.ActiveCfg = Debug|Any CPU
		{184EAAA9-C99C-4241-98E8-36CFFD79185F}.Debug|Any CPU.Build.0 = Debug|Any CPU
		{184EAAA9-C99C-4241-98E8-36CFFD79185F}.Release|Any CPU.ActiveCfg = Release|Any CPU
		{184EAAA9-C99C-4241-98E8-36CFFD79185F}.Release|Any CPU.Build.0 = Release|Any CPU
		{E2CB995B-B272-4EA0-B675-EDF7478ED995}.Debug|Any CPU.ActiveCfg = Debug|Any CPU
		{E2CB995B-B272-4EA0-B675-EDF7478ED995}.Debug|Any CPU.Build.0 = Debug|Any CPU
		{E2CB995B-B272-4EA0-B675-EDF7478ED995}.Release|Any CPU.ActiveCfg = Release|Any CPU
		{E2CB995B-B272-4EA0-B675-EDF7478ED995}.Release|Any CPU.Build.0 = Release|Any CPU
		{3B160366-F99D-488E-B634-855A2AB9BD48}.Debug|Any CPU.ActiveCfg = Debug|Any CPU
		{3B160366-F99D-488E-B634-855A2AB9BD48}.Debug|Any CPU.Build.0 = Debug|Any CPU
		{3B160366-F99D-488E-B634-855A2AB9BD48}.Release|Any CPU.ActiveCfg = Release|Any CPU
		{3B160366-F99D-488E-B634-855A2AB9BD48}.Release|Any CPU.Build.0 = Release|Any CPU
		{92B747FF-A3B2-498B-9EFA-2E27C903511E}.Debug|Any CPU.ActiveCfg = Debug|Any CPU
		{92B747FF-A3B2-498B-9EFA-2E27C903511E}.Debug|Any CPU.Build.0 = Debug|Any CPU
		{92B747FF-A3B2-498B-9EFA-2E27C903511E}.Release|Any CPU.ActiveCfg = Release|Any CPU
		{92B747FF-A3B2-498B-9EFA-2E27C903511E}.Release|Any CPU.Build.0 = Release|Any CPU
	EndGlobalSection
	GlobalSection(SolutionProperties) = preSolution
		HideSolutionNode = FALSE
	EndGlobalSection
	GlobalSection(ExtensibilityGlobals) = postSolution
		SolutionGuid = {6DF1AB8D-E573-4025-85C9-9ED3A9AB52EF}
	EndGlobalSection
EndGlobal
