
Microsoft Visual Studio Solution File, Format Version 12.00
# Visual Studio Version 16
VisualStudioVersion = 25.0.1703.0
MinimumVisualStudioVersion = 10.0.40219.1
Project("{FAE04EC0-301F-11D3-BF4B-00C04F79EFBC}") = "BoxOfT", "BoxOfT\BoxOfT.csproj", "{9586F63D-E61C-452D-9A36-0732272E9EE6}"
EndProject
Project("{FAE04EC0-301F-11D3-BF4B-00C04F79EFBC}") = "GenericArrayCreator", "GenericArrayCreator\GenericArrayCreator.csproj", "{EE8BA620-A251-4A88-B926-A6D8A6AD101C}"
EndProject
Project("{FAE04EC0-301F-11D3-BF4B-00C04F79EFBC}") = "GenericScale", "GenericScale\GenericScale.csproj", "{0DA9ED5D-1EEF-4609-8809-B3033B61E0D1}"
EndProject
Global
	GlobalSection(SolutionConfigurationPlatforms) = preSolution
		Debug|Any CPU = Debug|Any CPU
		Release|Any CPU = Release|Any CPU
	EndGlobalSection
	GlobalSection(ProjectConfigurationPlatforms) = postSolution
		{9586F63D-E61C-452D-9A36-0732272E9EE6}.Debug|Any CPU.ActiveCfg = Debug|Any CPU
		{9586F63D-E61C-452D-9A36-0732272E9EE6}.Debug|Any CPU.Build.0 = Debug|Any CPU
		{9586F63D-E61C-452D-9A36-0732272E9EE6}.Release|Any CPU.ActiveCfg = Release|Any CPU
		{9586F63D-E61C-452D-9A36-0732272E9EE6}.Release|Any CPU.Build.0 = Release|Any CPU
		{EE8BA620-A251-4A88-B926-A6D8A6AD101C}.Debug|Any CPU.ActiveCfg = Debug|Any CPU
		{EE8BA620-A251-4A88-B926-A6D8A6AD101C}.Debug|Any CPU.Build.0 = Debug|Any CPU
		{EE8BA620-A251-4A88-B926-A6D8A6AD101C}.Release|Any CPU.ActiveCfg = Release|Any CPU
		{EE8BA620-A251-4A88-B926-A6D8A6AD101C}.Release|Any CPU.Build.0 = Release|Any CPU
		{0DA9ED5D-1EEF-4609-8809-B3033B61E0D1}.Debug|Any CPU.ActiveCfg = Debug|Any CPU
		{0DA9ED5D-1EEF-4609-8809-B3033B61E0D1}.Debug|Any CPU.Build.0 = Debug|Any CPU
		{0DA9ED5D-1EEF-4609-8809-B3033B61E0D1}.Release|Any CPU.ActiveCfg = Release|Any CPU
		{0DA9ED5D-1EEF-4609-8809-B3033B61E0D1}.Release|Any CPU.Build.0 = Release|Any CPU
	EndGlobalSection
	GlobalSection(SolutionProperties) = preSolution
		HideSolutionNode = FALSE
	EndGlobalSection
	GlobalSection(ExtensibilityGlobals) = postSolution
		SolutionGuid = {056EC1B4-F827-40B3-AE9B-861FADB8DCE4}
	EndGlobalSection
EndGlobal
